{
  "pins" : [
    {
      "identity" : "confettiswiftui",
      "kind" : "remoteSourceControl",
      "location" : "https://github.com/simibac/ConfettiSwiftUI",
      "state" : {
        "branch" : "master",
        "revision" : "469de4e43949815dc92570cc786922d8d1385b06"
      }
    }
  ],
  "version" : 2
}
