// !$*UTF8*$!
{
	archiveVersion = 1;
	classes = {
	};
	objectVersion = 56;
	objects = {

/* Begin PBXBuildFile section */
		750D26AD2ABE8E1D00300914 /* CreateFirstVocabCard.swift in Sources */ = {isa = PBXBuildFile; fileRef = 750D26AC2ABE8E1D00300914 /* CreateFirstVocabCard.swift */; };
		75621A6B2AC2606B00B407A9 /* Vocab.swift in Sources */ = {isa = PBXBuildFile; fileRef = 75621A6A2AC2606B00B407A9 /* Vocab.swift */; };
		75621A6D2AC28D3600B407A9 /* Pronunciation.swift in Sources */ = {isa = PBXBuildFile; fileRef = 75621A6C2AC28D3600B407A9 /* Pronunciation.swift */; };
		75621A702AC3A72000B407A9 /* ConfettiSwiftUI in Frameworks */ = {isa = PBXBuildFile; productRef = 75621A6F2AC3A72000B407A9 /* ConfettiSwiftUI */; };
		75621A722AC3A7C300B407A9 /* Confetti.swift in Sources */ = {isa = PBXBuildFile; fileRef = 75621A712AC3A7C300B407A9 /* Confetti.swift */; };
		75621A782AC7AB4800B407A9 /* StatisticsCardRow.swift in Sources */ = {isa = PBXBuildFile; fileRef = 75621A772AC7AB4800B407A9 /* StatisticsCardRow.swift */; };
		75621A7A2AC8D35A00B407A9 /* StatisticsViewModel.swift in Sources */ = {isa = PBXBuildFile; fileRef = 75621A792AC8D35A00B407A9 /* StatisticsViewModel.swift */; };
		75621A7C2AC8D9BB00B407A9 /* MockScore.swift in Sources */ = {isa = PBXBuildFile; fileRef = 75621A7B2AC8D9BB00B407A9 /* MockScore.swift */; };
		7571F9552B0029C300229DEA /* StoreKitManager .swift in Sources */ = {isa = PBXBuildFile; fileRef = 7571F9542B0029C300229DEA /* StoreKitManager .swift */; };
		7571F9562B0029C300229DEA /* StoreKitManager .swift in Sources */ = {isa = PBXBuildFile; fileRef = 7571F9542B0029C300229DEA /* StoreKitManager .swift */; };
		7571F9582B002AEA00229DEA /* StoreKit.framework in Frameworks */ = {isa = PBXBuildFile; fileRef = 7571F9572B002AEA00229DEA /* StoreKit.framework */; };
		7571F95A2B002BD900229DEA /* VocBoxProduct.storekit in Resources */ = {isa = PBXBuildFile; fileRef = 7571F9592B002BD900229DEA /* VocBoxProduct.storekit */; };
		7571F95B2B002BD900229DEA /* VocBoxProduct.storekit in Resources */ = {isa = PBXBuildFile; fileRef = 7571F9592B002BD900229DEA /* VocBoxProduct.storekit */; };
		7571F95D2B003D2F00229DEA /* TestSubscription.swift in Sources */ = {isa = PBXBuildFile; fileRef = 7571F95C2B003D2F00229DEA /* TestSubscription.swift */; };
		7571F95E2B003D2F00229DEA /* TestSubscription.swift in Sources */ = {isa = PBXBuildFile; fileRef = 7571F95C2B003D2F00229DEA /* TestSubscription.swift */; };
		7571F96D2B03D39800229DEA /* SubScriptionButton.swift in Sources */ = {isa = PBXBuildFile; fileRef = 7571F96C2B03D39800229DEA /* SubScriptionButton.swift */; };
		7571F9702B03DBE300229DEA /* AppReviewManager.swift in Sources */ = {isa = PBXBuildFile; fileRef = 7571F96F2B03DBE300229DEA /* AppReviewManager.swift */; };
		7571F9722B04071300229DEA /* AppReviewLinkView.swift in Sources */ = {isa = PBXBuildFile; fileRef = 7571F9712B04071300229DEA /* AppReviewLinkView.swift */; };
		7571F9742B0408A300229DEA /* AppReviewCard .swift in Sources */ = {isa = PBXBuildFile; fileRef = 7571F9732B0408A300229DEA /* AppReviewCard .swift */; };
		758FDFE82AF99EB70006B2C0 /* NoFavoriteCard.swift in Sources */ = {isa = PBXBuildFile; fileRef = 758FDFE72AF99EB70006B2C0 /* NoFavoriteCard.swift */; };
		75BF2CAD2ACC8D11003A32E6 /* WidgetSettingView.swift in Sources */ = {isa = PBXBuildFile; fileRef = 75BF2CAC2ACC8D11003A32E6 /* WidgetSettingView.swift */; };
		75BF2CB12ACCB5FD003A32E6 /* MostRecallVocabRow.swift in Sources */ = {isa = PBXBuildFile; fileRef = 75BF2CB02ACCB5FD003A32E6 /* MostRecallVocabRow.swift */; };
		75BF2CB32ACCB859003A32E6 /* RecallStatisticsViewModel.swift in Sources */ = {isa = PBXBuildFile; fileRef = 75BF2CB22ACCB859003A32E6 /* RecallStatisticsViewModel.swift */; };
		75BF2CB52ACCF5EB003A32E6 /* LeastRecallVocabRow.swift in Sources */ = {isa = PBXBuildFile; fileRef = 75BF2CB42ACCF5EB003A32E6 /* LeastRecallVocabRow.swift */; };
		75BF2CB72ACD052B003A32E6 /* TotalVocabRow.swift in Sources */ = {isa = PBXBuildFile; fileRef = 75BF2CB62ACD052B003A32E6 /* TotalVocabRow.swift */; };
		75BF2CB92ACE47BB003A32E6 /* ProfileView.swift in Sources */ = {isa = PBXBuildFile; fileRef = 75BF2CB82ACE47BB003A32E6 /* ProfileView.swift */; };
		75BF2CBB2ACE62B3003A32E6 /* DarkMode.swift in Sources */ = {isa = PBXBuildFile; fileRef = 75BF2CBA2ACE62B3003A32E6 /* DarkMode.swift */; };
		75BF2CBE2ACF26EF003A32E6 /* SearchView.swift in Sources */ = {isa = PBXBuildFile; fileRef = 75BF2CBD2ACF26EF003A32E6 /* SearchView.swift */; };
		75BF2CC12ACF286D003A32E6 /* ReminderView.swift in Sources */ = {isa = PBXBuildFile; fileRef = 75BF2CC02ACF286D003A32E6 /* ReminderView.swift */; };
		75BF2CC42ACF2B1B003A32E6 /* ProUpgradeView.swift in Sources */ = {isa = PBXBuildFile; fileRef = 75BF2CC32ACF2B1B003A32E6 /* ProUpgradeView.swift */; };
		75BF2CCA2AD0C3D3003A32E6 /* DefinitionView .swift in Sources */ = {isa = PBXBuildFile; fileRef = 75BF2CC92AD0C3D3003A32E6 /* DefinitionView .swift */; };
		75BF2CCE2AD1DEE1003A32E6 /* CustomSearchBar.swift in Sources */ = {isa = PBXBuildFile; fileRef = 75BF2CCD2AD1DEE1003A32E6 /* CustomSearchBar.swift */; };
		75BF2CD02AD24CDF003A32E6 /* HintCard.swift in Sources */ = {isa = PBXBuildFile; fileRef = 75BF2CCF2AD24CDF003A32E6 /* HintCard.swift */; };
		75BF2CD32AD27464003A32E6 /* RegisterView.swift in Sources */ = {isa = PBXBuildFile; fileRef = 75BF2CD22AD27464003A32E6 /* RegisterView.swift */; };
		75BF2CD52AD3ABB7003A32E6 /* TakeAChallengeCard .swift in Sources */ = {isa = PBXBuildFile; fileRef = 75BF2CD42AD3ABB7003A32E6 /* TakeAChallengeCard .swift */; };
		75D816962AD7603E009D76B5 /* ReadWord.swift in Sources */ = {isa = PBXBuildFile; fileRef = 75D816952AD7603E009D76B5 /* ReadWord.swift */; };
		75D816B52AD89C89009D76B5 /* StatisticView.swift in Sources */ = {isa = PBXBuildFile; fileRef = 75D816B42AD89C89009D76B5 /* StatisticView.swift */; };
		75D816B72AD8EB14009D76B5 /* TestStatisticView.swift in Sources */ = {isa = PBXBuildFile; fileRef = 75D816B62AD8EB14009D76B5 /* TestStatisticView.swift */; };
		75D816B92ADAFB74009D76B5 /* VocabPronunciation.swift in Sources */ = {isa = PBXBuildFile; fileRef = 75D816B82ADAFB74009D76B5 /* VocabPronunciation.swift */; };
		75D816BB2ADB003B009D76B5 /* FetchPronunciation .swift in Sources */ = {isa = PBXBuildFile; fileRef = 75D816BA2ADB003B009D76B5 /* FetchPronunciation .swift */; };
		75D816C22ADB34E0009D76B5 /* GetApiKey.swift in Sources */ = {isa = PBXBuildFile; fileRef = 75D816C12ADB34E0009D76B5 /* GetApiKey.swift */; };
		75D816C42ADB3662009D76B5 /* WNApiKey.json in Resources */ = {isa = PBXBuildFile; fileRef = 75D816C32ADB3662009D76B5 /* WNApiKey.json */; };
		75D816C62ADB599D009D76B5 /* ApiKey.swift in Sources */ = {isa = PBXBuildFile; fileRef = 75D816C52ADB599D009D76B5 /* ApiKey.swift */; };
		75F9C7A62ADF297B008A0430 /* SplashScreenView.swift in Sources */ = {isa = PBXBuildFile; fileRef = 75F9C7A52ADF297B008A0430 /* SplashScreenView.swift */; };
		75F9C7AC2AE06007008A0430 /* OnboardingPage.swift in Sources */ = {isa = PBXBuildFile; fileRef = 75F9C7AB2AE06007008A0430 /* OnboardingPage.swift */; };
		75F9C7AE2AE06198008A0430 /* OnboardingView.swift in Sources */ = {isa = PBXBuildFile; fileRef = 75F9C7AD2AE06198008A0430 /* OnboardingView.swift */; };
		75F9C7B02AE06361008A0430 /* OnboardingPagesView.swift in Sources */ = {isa = PBXBuildFile; fileRef = 75F9C7AF2AE06361008A0430 /* OnboardingPagesView.swift */; };
		75F9C7B22AE0DB45008A0430 /* AppConstant.swift in Sources */ = {isa = PBXBuildFile; fileRef = 75F9C7B12AE0DB45008A0430 /* AppConstant.swift */; };
		75F9C7B52AE1AED4008A0430 /* AbrilFatface-Regular.ttf in Resources */ = {isa = PBXBuildFile; fileRef = 75F9C7B42AE1AED4008A0430 /* AbrilFatface-Regular.ttf */; };
		75F9C7BB2AE1FFAA008A0430 /* CustomFont.swift in Sources */ = {isa = PBXBuildFile; fileRef = 75F9C7BA2AE1FFAA008A0430 /* CustomFont.swift */; };
		75F9C7BE2AE20040008A0430 /* FontExtention.swift in Sources */ = {isa = PBXBuildFile; fileRef = 75F9C7BD2AE20040008A0430 /* FontExtention.swift */; };
		75F9C7C02AE20B81008A0430 /* ZillaSlab-Regular.ttf in Resources */ = {isa = PBXBuildFile; fileRef = 75F9C7BF2AE20B81008A0430 /* ZillaSlab-Regular.ttf */; };
		75F9C7C22AE2DB39008A0430 /* PlayfairDisplay-VariableFont_wght.ttf in Resources */ = {isa = PBXBuildFile; fileRef = 75F9C7C12AE2DB39008A0430 /* PlayfairDisplay-VariableFont_wght.ttf */; };
		75F9C7C42AE832BF008A0430 /* LongButton.swift in Sources */ = {isa = PBXBuildFile; fileRef = 75F9C7C32AE832BF008A0430 /* LongButton.swift */; };
		75F9C7C62AE838FF008A0430 /* CardButton .swift in Sources */ = {isa = PBXBuildFile; fileRef = 75F9C7C52AE838FF008A0430 /* CardButton .swift */; };
		75F9C7C92AE99D92008A0430 /* Lottie in Frameworks */ = {isa = PBXBuildFile; productRef = 75F9C7C82AE99D92008A0430 /* Lottie */; };
		75F9C7CB2AE99DCF008A0430 /* LottieView.swift in Sources */ = {isa = PBXBuildFile; fileRef = 75F9C7CA2AE99DCF008A0430 /* LottieView.swift */; };
		75F9C7CD2AE9A7CB008A0430 /* brainAnimate.json in Resources */ = {isa = PBXBuildFile; fileRef = 75F9C7CC2AE9A7CB008A0430 /* brainAnimate.json */; };
		75F9C7CF2AE9A7D3008A0430 /* boxAnimate.json in Resources */ = {isa = PBXBuildFile; fileRef = 75F9C7CE2AE9A7D3008A0430 /* boxAnimate.json */; };
		75F9C7D12AEB104F008A0430 /* localNotification.swift in Sources */ = {isa = PBXBuildFile; fileRef = 75F9C7D02AEB104F008A0430 /* localNotification.swift */; };
		75F9C7D32AEB51FB008A0430 /* ReminderSetting.swift in Sources */ = {isa = PBXBuildFile; fileRef = 75F9C7D22AEB51FB008A0430 /* ReminderSetting.swift */; };
		75F9C7D52AEDE3EE008A0430 /* boxSmileAnimate.json in Resources */ = {isa = PBXBuildFile; fileRef = 75F9C7D42AEDE3EE008A0430 /* boxSmileAnimate.json */; };
		75F9C7D72AEDEC13008A0430 /* boxSpark.json in Resources */ = {isa = PBXBuildFile; fileRef = 75F9C7D62AEDEC13008A0430 /* boxSpark.json */; };
		75F9C8082AF33FEC008A0430 /* WidgetKit.framework in Frameworks */ = {isa = PBXBuildFile; fileRef = 75F9C7E02AF326D2008A0430 /* WidgetKit.framework */; };
		75F9C8092AF33FEC008A0430 /* SwiftUI.framework in Frameworks */ = {isa = PBXBuildFile; fileRef = 75F9C7E22AF326D2008A0430 /* SwiftUI.framework */; };
		75F9C80C2AF33FEC008A0430 /* VocBoxWidgetsBundle.swift in Sources */ = {isa = PBXBuildFile; fileRef = 75F9C80B2AF33FEC008A0430 /* VocBoxWidgetsBundle.swift */; };
		75F9C80E2AF33FEC008A0430 /* VocBoxWidgets.swift in Sources */ = {isa = PBXBuildFile; fileRef = 75F9C80D2AF33FEC008A0430 /* VocBoxWidgets.swift */; };
		75F9C8102AF33FED008A0430 /* Assets.xcassets in Resources */ = {isa = PBXBuildFile; fileRef = 75F9C80F2AF33FED008A0430 /* Assets.xcassets */; };
		75F9C8142AF33FED008A0430 /* VocBoxWidgetsExtension.appex in Embed Foundation Extensions */ = {isa = PBXBuildFile; fileRef = 75F9C8072AF33FEC008A0430 /* VocBoxWidgetsExtension.appex */; settings = {ATTRIBUTES = (RemoveHeadersOnCopy, ); }; };
		75F9C8182AF34001008A0430 /* DataModel.xcdatamodeld in Sources */ = {isa = PBXBuildFile; fileRef = 83E590BB2AB3E81F002ABD04 /* DataModel.xcdatamodeld */; };
		75F9C8192AF34005008A0430 /* CoredataController.swift in Sources */ = {isa = PBXBuildFile; fileRef = 83E590BE2AB3E9D7002ABD04 /* CoredataController.swift */; };
		75F9C81A2AF34010008A0430 /* VocBoxWidgets.swift in Sources */ = {isa = PBXBuildFile; fileRef = 75F9C80D2AF33FEC008A0430 /* VocBoxWidgets.swift */; };
		75F9C81D2AF417D9008A0430 /* Extentions .swift in Sources */ = {isa = PBXBuildFile; fileRef = 83E590C82AB52695002ABD04 /* Extentions .swift */; };
		75F9C81E2AF42110008A0430 /* AbrilFatface-Regular.ttf in Resources */ = {isa = PBXBuildFile; fileRef = 75F9C7B42AE1AED4008A0430 /* AbrilFatface-Regular.ttf */; };
		75F9C81F2AF42114008A0430 /* ZillaSlab-Regular.ttf in Resources */ = {isa = PBXBuildFile; fileRef = 75F9C7BF2AE20B81008A0430 /* ZillaSlab-Regular.ttf */; };
		75F9C8202AF42118008A0430 /* PlayfairDisplay-VariableFont_wght.ttf in Resources */ = {isa = PBXBuildFile; fileRef = 75F9C7C12AE2DB39008A0430 /* PlayfairDisplay-VariableFont_wght.ttf */; };
		75F9C8212AF4215F008A0430 /* FontExtention.swift in Sources */ = {isa = PBXBuildFile; fileRef = 75F9C7BD2AE20040008A0430 /* FontExtention.swift */; };
		75F9C8222AF421C5008A0430 /* CustomFont.swift in Sources */ = {isa = PBXBuildFile; fileRef = 75F9C7BA2AE1FFAA008A0430 /* CustomFont.swift */; };
		75F9C8242AF42C52008A0430 /* WidgetCard.swift in Sources */ = {isa = PBXBuildFile; fileRef = 75F9C8232AF42C52008A0430 /* WidgetCard.swift */; };
		8304D7E12AB3DC2D00C9A9B1 /* VocBoxApp.swift in Sources */ = {isa = PBXBuildFile; fileRef = 8304D7E02AB3DC2D00C9A9B1 /* VocBoxApp.swift */; };
		8304D7E52AB3DC2F00C9A9B1 /* Assets.xcassets in Resources */ = {isa = PBXBuildFile; fileRef = 8304D7E42AB3DC2F00C9A9B1 /* Assets.xcassets */; };
		8304D7E82AB3DC2F00C9A9B1 /* Preview Assets.xcassets in Resources */ = {isa = PBXBuildFile; fileRef = 8304D7E72AB3DC2F00C9A9B1 /* Preview Assets.xcassets */; };
		8304D7F52AB3DD6500C9A9B1 /* AddVocView.swift in Sources */ = {isa = PBXBuildFile; fileRef = 8304D7F42AB3DD6500C9A9B1 /* AddVocView.swift */; };
		8304D7F82AB3DD8A00C9A9B1 /* EditVocView.swift in Sources */ = {isa = PBXBuildFile; fileRef = 8304D7F72AB3DD8A00C9A9B1 /* EditVocView.swift */; };
		8304D7FB2AB3DDD400C9A9B1 /* RecallVocView.swift in Sources */ = {isa = PBXBuildFile; fileRef = 8304D7FA2AB3DDD400C9A9B1 /* RecallVocView.swift */; };
		83E34A882AB677B600350CF7 /* SmallButton.swift in Sources */ = {isa = PBXBuildFile; fileRef = 83E34A872AB677B600350CF7 /* SmallButton.swift */; };
		83E590BD2AB3E81F002ABD04 /* DataModel.xcdatamodeld in Sources */ = {isa = PBXBuildFile; fileRef = 83E590BB2AB3E81F002ABD04 /* DataModel.xcdatamodeld */; };
		83E590BF2AB3E9D7002ABD04 /* CoredataController.swift in Sources */ = {isa = PBXBuildFile; fileRef = 83E590BE2AB3E9D7002ABD04 /* CoredataController.swift */; };
		83E590C12AB3E9FF002ABD04 /* EntityExtentions.swift in Sources */ = {isa = PBXBuildFile; fileRef = 83E590C02AB3E9FF002ABD04 /* EntityExtentions.swift */; };
		83E590C92AB52695002ABD04 /* Extentions .swift in Sources */ = {isa = PBXBuildFile; fileRef = 83E590C82AB52695002ABD04 /* Extentions .swift */; };
		83E590CB2AB527FC002ABD04 /* ReviewVocView.swift in Sources */ = {isa = PBXBuildFile; fileRef = 83E590CA2AB527FC002ABD04 /* ReviewVocView.swift */; };
		83E590D02AB52962002ABD04 /* VocabCardRow.swift in Sources */ = {isa = PBXBuildFile; fileRef = 83E590CF2AB52962002ABD04 /* VocabCardRow.swift */; };
		83E590D22AB571ED002ABD04 /* PartOfSpeech.swift in Sources */ = {isa = PBXBuildFile; fileRef = 83E590D12AB571ED002ABD04 /* PartOfSpeech.swift */; };
		83E5AA542ABA8AB100136C34 /* TimeCalculate.swift in Sources */ = {isa = PBXBuildFile; fileRef = 83E5AA532ABA8AB100136C34 /* TimeCalculate.swift */; };
		83E5AA562ABBD8BC00136C34 /* RecallVocViewModel.swift in Sources */ = {isa = PBXBuildFile; fileRef = 83E5AA552ABBD8BC00136C34 /* RecallVocViewModel.swift */; };
		83E5AA5D2ABCAC8000136C34 /* AddVocViewModel.swift in Sources */ = {isa = PBXBuildFile; fileRef = 83E5AA5C2ABCAC8000136C34 /* AddVocViewModel.swift */; };
		83E5AA5F2ABCAEE300136C34 /* TrimString.swift in Sources */ = {isa = PBXBuildFile; fileRef = 83E5AA5E2ABCAEE300136C34 /* TrimString.swift */; };
		83E5AA612ABD2C9A00136C34 /* RecallProgressView.swift in Sources */ = {isa = PBXBuildFile; fileRef = 83E5AA602ABD2C9A00136C34 /* RecallProgressView.swift */; };
/* End PBXBuildFile section */

/* Begin PBXContainerItemProxy section */
		75F9C8122AF33FED008A0430 /* PBXContainerItemProxy */ = {
			isa = PBXContainerItemProxy;
			containerPortal = 8304D7D52AB3DC2D00C9A9B1 /* Project object */;
			proxyType = 1;
			remoteGlobalIDString = 75F9C8062AF33FEC008A0430;
			remoteInfo = VocBoxWidgetsExtension;
		};
/* End PBXContainerItemProxy section */

/* Begin PBXCopyFilesBuildPhase section */
		75F9C7F62AF326D3008A0430 /* Embed Foundation Extensions */ = {
			isa = PBXCopyFilesBuildPhase;
			buildActionMask = 2147483647;
			dstPath = "";
			dstSubfolderSpec = 13;
			files = (
				75F9C8142AF33FED008A0430 /* VocBoxWidgetsExtension.appex in Embed Foundation Extensions */,
			);
			name = "Embed Foundation Extensions";
			runOnlyForDeploymentPostprocessing = 0;
		};
/* End PBXCopyFilesBuildPhase section */

/* Begin PBXFileReference section */
		750D26AC2ABE8E1D00300914 /* CreateFirstVocabCard.swift */ = {isa = PBXFileReference; lastKnownFileType = sourcecode.swift; path = CreateFirstVocabCard.swift; sourceTree = "<group>"; };
		75621A6A2AC2606B00B407A9 /* Vocab.swift */ = {isa = PBXFileReference; lastKnownFileType = sourcecode.swift; path = Vocab.swift; sourceTree = "<group>"; };
		75621A6C2AC28D3600B407A9 /* Pronunciation.swift */ = {isa = PBXFileReference; lastKnownFileType = sourcecode.swift; path = Pronunciation.swift; sourceTree = "<group>"; };
		75621A712AC3A7C300B407A9 /* Confetti.swift */ = {isa = PBXFileReference; lastKnownFileType = sourcecode.swift; path = Confetti.swift; sourceTree = "<group>"; };
		75621A772AC7AB4800B407A9 /* StatisticsCardRow.swift */ = {isa = PBXFileReference; lastKnownFileType = sourcecode.swift; path = StatisticsCardRow.swift; sourceTree = "<group>"; };
		75621A792AC8D35A00B407A9 /* StatisticsViewModel.swift */ = {isa = PBXFileReference; lastKnownFileType = sourcecode.swift; path = StatisticsViewModel.swift; sourceTree = "<group>"; };
		75621A7B2AC8D9BB00B407A9 /* MockScore.swift */ = {isa = PBXFileReference; lastKnownFileType = sourcecode.swift; path = MockScore.swift; sourceTree = "<group>"; };
		7571F9542B0029C300229DEA /* StoreKitManager .swift */ = {isa = PBXFileReference; lastKnownFileType = sourcecode.swift; path = "StoreKitManager .swift"; sourceTree = "<group>"; };
		7571F9572B002AEA00229DEA /* StoreKit.framework */ = {isa = PBXFileReference; lastKnownFileType = wrapper.framework; name = StoreKit.framework; path = System/Library/Frameworks/StoreKit.framework; sourceTree = SDKROOT; };
		7571F9592B002BD900229DEA /* VocBoxProduct.storekit */ = {isa = PBXFileReference; lastKnownFileType = text; path = VocBoxProduct.storekit; sourceTree = "<group>"; };
		7571F95C2B003D2F00229DEA /* TestSubscription.swift */ = {isa = PBXFileReference; lastKnownFileType = sourcecode.swift; path = TestSubscription.swift; sourceTree = "<group>"; };
		7571F96C2B03D39800229DEA /* SubScriptionButton.swift */ = {isa = PBXFileReference; lastKnownFileType = sourcecode.swift; path = SubScriptionButton.swift; sourceTree = "<group>"; };
		7571F96F2B03DBE300229DEA /* AppReviewManager.swift */ = {isa = PBXFileReference; lastKnownFileType = sourcecode.swift; path = AppReviewManager.swift; sourceTree = "<group>"; };
		7571F9712B04071300229DEA /* AppReviewLinkView.swift */ = {isa = PBXFileReference; lastKnownFileType = sourcecode.swift; path = AppReviewLinkView.swift; sourceTree = "<group>"; };
		7571F9732B0408A300229DEA /* AppReviewCard .swift */ = {isa = PBXFileReference; lastKnownFileType = sourcecode.swift; path = "AppReviewCard .swift"; sourceTree = "<group>"; };
		758FDFE72AF99EB70006B2C0 /* NoFavoriteCard.swift */ = {isa = PBXFileReference; lastKnownFileType = sourcecode.swift; path = NoFavoriteCard.swift; sourceTree = "<group>"; };
		75BF2CAC2ACC8D11003A32E6 /* WidgetSettingView.swift */ = {isa = PBXFileReference; lastKnownFileType = sourcecode.swift; path = WidgetSettingView.swift; sourceTree = "<group>"; };
		75BF2CB02ACCB5FD003A32E6 /* MostRecallVocabRow.swift */ = {isa = PBXFileReference; lastKnownFileType = sourcecode.swift; path = MostRecallVocabRow.swift; sourceTree = "<group>"; };
		75BF2CB22ACCB859003A32E6 /* RecallStatisticsViewModel.swift */ = {isa = PBXFileReference; lastKnownFileType = sourcecode.swift; path = RecallStatisticsViewModel.swift; sourceTree = "<group>"; };
		75BF2CB42ACCF5EB003A32E6 /* LeastRecallVocabRow.swift */ = {isa = PBXFileReference; lastKnownFileType = sourcecode.swift; path = LeastRecallVocabRow.swift; sourceTree = "<group>"; };
		75BF2CB62ACD052B003A32E6 /* TotalVocabRow.swift */ = {isa = PBXFileReference; lastKnownFileType = sourcecode.swift; path = TotalVocabRow.swift; sourceTree = "<group>"; };
		75BF2CB82ACE47BB003A32E6 /* ProfileView.swift */ = {isa = PBXFileReference; lastKnownFileType = sourcecode.swift; path = ProfileView.swift; sourceTree = "<group>"; };
		75BF2CBA2ACE62B3003A32E6 /* DarkMode.swift */ = {isa = PBXFileReference; lastKnownFileType = sourcecode.swift; path = DarkMode.swift; sourceTree = "<group>"; };
		75BF2CBD2ACF26EF003A32E6 /* SearchView.swift */ = {isa = PBXFileReference; lastKnownFileType = sourcecode.swift; path = SearchView.swift; sourceTree = "<group>"; };
		75BF2CC02ACF286D003A32E6 /* ReminderView.swift */ = {isa = PBXFileReference; lastKnownFileType = sourcecode.swift; path = ReminderView.swift; sourceTree = "<group>"; };
		75BF2CC32ACF2B1B003A32E6 /* ProUpgradeView.swift */ = {isa = PBXFileReference; lastKnownFileType = sourcecode.swift; path = ProUpgradeView.swift; sourceTree = "<group>"; };
		75BF2CC92AD0C3D3003A32E6 /* DefinitionView .swift */ = {isa = PBXFileReference; lastKnownFileType = sourcecode.swift; path = "DefinitionView .swift"; sourceTree = "<group>"; };
		75BF2CCD2AD1DEE1003A32E6 /* CustomSearchBar.swift */ = {isa = PBXFileReference; lastKnownFileType = sourcecode.swift; path = CustomSearchBar.swift; sourceTree = "<group>"; };
		75BF2CCF2AD24CDF003A32E6 /* HintCard.swift */ = {isa = PBXFileReference; lastKnownFileType = sourcecode.swift; path = HintCard.swift; sourceTree = "<group>"; };
		75BF2CD22AD27464003A32E6 /* RegisterView.swift */ = {isa = PBXFileReference; lastKnownFileType = sourcecode.swift; path = RegisterView.swift; sourceTree = "<group>"; };
		75BF2CD42AD3ABB7003A32E6 /* TakeAChallengeCard .swift */ = {isa = PBXFileReference; lastKnownFileType = sourcecode.swift; path = "TakeAChallengeCard .swift"; sourceTree = "<group>"; };
		75D816952AD7603E009D76B5 /* ReadWord.swift */ = {isa = PBXFileReference; lastKnownFileType = sourcecode.swift; path = ReadWord.swift; sourceTree = "<group>"; };
		75D816B42AD89C89009D76B5 /* StatisticView.swift */ = {isa = PBXFileReference; lastKnownFileType = sourcecode.swift; path = StatisticView.swift; sourceTree = "<group>"; };
		75D816B62AD8EB14009D76B5 /* TestStatisticView.swift */ = {isa = PBXFileReference; lastKnownFileType = sourcecode.swift; path = TestStatisticView.swift; sourceTree = "<group>"; };
		75D816B82ADAFB74009D76B5 /* VocabPronunciation.swift */ = {isa = PBXFileReference; lastKnownFileType = sourcecode.swift; path = VocabPronunciation.swift; sourceTree = "<group>"; };
		75D816BA2ADB003B009D76B5 /* FetchPronunciation .swift */ = {isa = PBXFileReference; lastKnownFileType = sourcecode.swift; path = "FetchPronunciation .swift"; sourceTree = "<group>"; };
		75D816C12ADB34E0009D76B5 /* GetApiKey.swift */ = {isa = PBXFileReference; lastKnownFileType = sourcecode.swift; path = GetApiKey.swift; sourceTree = "<group>"; };
		75D816C32ADB3662009D76B5 /* WNApiKey.json */ = {isa = PBXFileReference; lastKnownFileType = text.json; path = WNApiKey.json; sourceTree = "<group>"; };
		75D816C52ADB599D009D76B5 /* ApiKey.swift */ = {isa = PBXFileReference; lastKnownFileType = sourcecode.swift; path = ApiKey.swift; sourceTree = "<group>"; };
		75F9C7A52ADF297B008A0430 /* SplashScreenView.swift */ = {isa = PBXFileReference; lastKnownFileType = sourcecode.swift; path = SplashScreenView.swift; sourceTree = "<group>"; };
		75F9C7AB2AE06007008A0430 /* OnboardingPage.swift */ = {isa = PBXFileReference; lastKnownFileType = sourcecode.swift; path = OnboardingPage.swift; sourceTree = "<group>"; };
		75F9C7AD2AE06198008A0430 /* OnboardingView.swift */ = {isa = PBXFileReference; lastKnownFileType = sourcecode.swift; path = OnboardingView.swift; sourceTree = "<group>"; };
		75F9C7AF2AE06361008A0430 /* OnboardingPagesView.swift */ = {isa = PBXFileReference; lastKnownFileType = sourcecode.swift; path = OnboardingPagesView.swift; sourceTree = "<group>"; };
		75F9C7B12AE0DB45008A0430 /* AppConstant.swift */ = {isa = PBXFileReference; lastKnownFileType = sourcecode.swift; path = AppConstant.swift; sourceTree = "<group>"; };
		75F9C7B42AE1AED4008A0430 /* AbrilFatface-Regular.ttf */ = {isa = PBXFileReference; lastKnownFileType = file; path = "AbrilFatface-Regular.ttf"; sourceTree = "<group>"; };
		75F9C7B62AE1B217008A0430 /* Info.plist */ = {isa = PBXFileReference; lastKnownFileType = text.plist; path = Info.plist; sourceTree = "<group>"; };
		75F9C7BA2AE1FFAA008A0430 /* CustomFont.swift */ = {isa = PBXFileReference; lastKnownFileType = sourcecode.swift; path = CustomFont.swift; sourceTree = "<group>"; };
		75F9C7BD2AE20040008A0430 /* FontExtention.swift */ = {isa = PBXFileReference; lastKnownFileType = sourcecode.swift; path = FontExtention.swift; sourceTree = "<group>"; };
		75F9C7BF2AE20B81008A0430 /* ZillaSlab-Regular.ttf */ = {isa = PBXFileReference; lastKnownFileType = file; path = "ZillaSlab-Regular.ttf"; sourceTree = "<group>"; };
		75F9C7C12AE2DB39008A0430 /* PlayfairDisplay-VariableFont_wght.ttf */ = {isa = PBXFileReference; lastKnownFileType = file; path = "PlayfairDisplay-VariableFont_wght.ttf"; sourceTree = "<group>"; };
		75F9C7C32AE832BF008A0430 /* LongButton.swift */ = {isa = PBXFileReference; lastKnownFileType = sourcecode.swift; path = LongButton.swift; sourceTree = "<group>"; };
		75F9C7C52AE838FF008A0430 /* CardButton .swift */ = {isa = PBXFileReference; lastKnownFileType = sourcecode.swift; path = "CardButton .swift"; sourceTree = "<group>"; };
		75F9C7CA2AE99DCF008A0430 /* LottieView.swift */ = {isa = PBXFileReference; lastKnownFileType = sourcecode.swift; path = LottieView.swift; sourceTree = "<group>"; };
		75F9C7CC2AE9A7CB008A0430 /* brainAnimate.json */ = {isa = PBXFileReference; fileEncoding = 4; lastKnownFileType = text.json; path = brainAnimate.json; sourceTree = "<group>"; };
		75F9C7CE2AE9A7D3008A0430 /* boxAnimate.json */ = {isa = PBXFileReference; fileEncoding = 4; lastKnownFileType = text.json; path = boxAnimate.json; sourceTree = "<group>"; };
		75F9C7D02AEB104F008A0430 /* localNotification.swift */ = {isa = PBXFileReference; lastKnownFileType = sourcecode.swift; path = localNotification.swift; sourceTree = "<group>"; };
		75F9C7D22AEB51FB008A0430 /* ReminderSetting.swift */ = {isa = PBXFileReference; lastKnownFileType = sourcecode.swift; path = ReminderSetting.swift; sourceTree = "<group>"; };
		75F9C7D42AEDE3EE008A0430 /* boxSmileAnimate.json */ = {isa = PBXFileReference; fileEncoding = 4; lastKnownFileType = text.json; path = boxSmileAnimate.json; sourceTree = "<group>"; };
		75F9C7D62AEDEC13008A0430 /* boxSpark.json */ = {isa = PBXFileReference; fileEncoding = 4; lastKnownFileType = text.json; path = boxSpark.json; sourceTree = "<group>"; };
		75F9C7E02AF326D2008A0430 /* WidgetKit.framework */ = {isa = PBXFileReference; lastKnownFileType = wrapper.framework; name = WidgetKit.framework; path = System/Library/Frameworks/WidgetKit.framework; sourceTree = SDKROOT; };
		75F9C7E22AF326D2008A0430 /* SwiftUI.framework */ = {isa = PBXFileReference; lastKnownFileType = wrapper.framework; name = SwiftUI.framework; path = System/Library/Frameworks/SwiftUI.framework; sourceTree = SDKROOT; };
		75F9C8072AF33FEC008A0430 /* VocBoxWidgetsExtension.appex */ = {isa = PBXFileReference; explicitFileType = "wrapper.app-extension"; includeInIndex = 0; path = VocBoxWidgetsExtension.appex; sourceTree = BUILT_PRODUCTS_DIR; };
		75F9C80B2AF33FEC008A0430 /* VocBoxWidgetsBundle.swift */ = {isa = PBXFileReference; lastKnownFileType = sourcecode.swift; path = VocBoxWidgetsBundle.swift; sourceTree = "<group>"; };
		75F9C80D2AF33FEC008A0430 /* VocBoxWidgets.swift */ = {isa = PBXFileReference; lastKnownFileType = sourcecode.swift; path = VocBoxWidgets.swift; sourceTree = "<group>"; };
		75F9C80F2AF33FED008A0430 /* Assets.xcassets */ = {isa = PBXFileReference; lastKnownFileType = folder.assetcatalog; path = Assets.xcassets; sourceTree = "<group>"; };
		75F9C8112AF33FED008A0430 /* Info.plist */ = {isa = PBXFileReference; lastKnownFileType = text.plist.xml; path = Info.plist; sourceTree = "<group>"; };
		75F9C81B2AF34FA0008A0430 /* VocBox.entitlements */ = {isa = PBXFileReference; lastKnownFileType = text.plist.entitlements; path = VocBox.entitlements; sourceTree = "<group>"; };
		75F9C81C2AF35048008A0430 /* VocBoxWidgetsExtension.entitlements */ = {isa = PBXFileReference; lastKnownFileType = text.plist.entitlements; path = VocBoxWidgetsExtension.entitlements; sourceTree = "<group>"; };
		75F9C8232AF42C52008A0430 /* WidgetCard.swift */ = {isa = PBXFileReference; lastKnownFileType = sourcecode.swift; path = WidgetCard.swift; sourceTree = "<group>"; };
		8304D7DD2AB3DC2D00C9A9B1 /* VocBox.app */ = {isa = PBXFileReference; explicitFileType = wrapper.application; includeInIndex = 0; path = VocBox.app; sourceTree = BUILT_PRODUCTS_DIR; };
		8304D7E02AB3DC2D00C9A9B1 /* VocBoxApp.swift */ = {isa = PBXFileReference; lastKnownFileType = sourcecode.swift; path = VocBoxApp.swift; sourceTree = "<group>"; };
		8304D7E42AB3DC2F00C9A9B1 /* Assets.xcassets */ = {isa = PBXFileReference; lastKnownFileType = folder.assetcatalog; path = Assets.xcassets; sourceTree = "<group>"; };
		8304D7E72AB3DC2F00C9A9B1 /* Preview Assets.xcassets */ = {isa = PBXFileReference; lastKnownFileType = folder.assetcatalog; path = "Preview Assets.xcassets"; sourceTree = "<group>"; };
		8304D7F42AB3DD6500C9A9B1 /* AddVocView.swift */ = {isa = PBXFileReference; lastKnownFileType = sourcecode.swift; path = AddVocView.swift; sourceTree = "<group>"; };
		8304D7F72AB3DD8A00C9A9B1 /* EditVocView.swift */ = {isa = PBXFileReference; lastKnownFileType = sourcecode.swift; path = EditVocView.swift; sourceTree = "<group>"; };
		8304D7FA2AB3DDD400C9A9B1 /* RecallVocView.swift */ = {isa = PBXFileReference; lastKnownFileType = sourcecode.swift; path = RecallVocView.swift; sourceTree = "<group>"; };
		83E34A872AB677B600350CF7 /* SmallButton.swift */ = {isa = PBXFileReference; lastKnownFileType = sourcecode.swift; path = SmallButton.swift; sourceTree = "<group>"; };
		83E590BC2AB3E81F002ABD04 /* DataModel.xcdatamodel */ = {isa = PBXFileReference; lastKnownFileType = wrapper.xcdatamodel; path = DataModel.xcdatamodel; sourceTree = "<group>"; };
		83E590BE2AB3E9D7002ABD04 /* CoredataController.swift */ = {isa = PBXFileReference; lastKnownFileType = sourcecode.swift; path = CoredataController.swift; sourceTree = "<group>"; };
		83E590C02AB3E9FF002ABD04 /* EntityExtentions.swift */ = {isa = PBXFileReference; lastKnownFileType = sourcecode.swift; path = EntityExtentions.swift; sourceTree = "<group>"; };
		83E590C82AB52695002ABD04 /* Extentions .swift */ = {isa = PBXFileReference; lastKnownFileType = sourcecode.swift; path = "Extentions .swift"; sourceTree = "<group>"; };
		83E590CA2AB527FC002ABD04 /* ReviewVocView.swift */ = {isa = PBXFileReference; lastKnownFileType = sourcecode.swift; path = ReviewVocView.swift; sourceTree = "<group>"; };
		83E590CF2AB52962002ABD04 /* VocabCardRow.swift */ = {isa = PBXFileReference; lastKnownFileType = sourcecode.swift; path = VocabCardRow.swift; sourceTree = "<group>"; };
		83E590D12AB571ED002ABD04 /* PartOfSpeech.swift */ = {isa = PBXFileReference; lastKnownFileType = sourcecode.swift; path = PartOfSpeech.swift; sourceTree = "<group>"; };
		83E5AA532ABA8AB100136C34 /* TimeCalculate.swift */ = {isa = PBXFileReference; lastKnownFileType = sourcecode.swift; path = TimeCalculate.swift; sourceTree = "<group>"; };
		83E5AA552ABBD8BC00136C34 /* RecallVocViewModel.swift */ = {isa = PBXFileReference; lastKnownFileType = sourcecode.swift; path = RecallVocViewModel.swift; sourceTree = "<group>"; };
		83E5AA5C2ABCAC8000136C34 /* AddVocViewModel.swift */ = {isa = PBXFileReference; lastKnownFileType = sourcecode.swift; path = AddVocViewModel.swift; sourceTree = "<group>"; };
		83E5AA5E2ABCAEE300136C34 /* TrimString.swift */ = {isa = PBXFileReference; lastKnownFileType = sourcecode.swift; path = TrimString.swift; sourceTree = "<group>"; };
		83E5AA602ABD2C9A00136C34 /* RecallProgressView.swift */ = {isa = PBXFileReference; lastKnownFileType = sourcecode.swift; path = RecallProgressView.swift; sourceTree = "<group>"; };
/* End PBXFileReference section */

/* Begin PBXFrameworksBuildPhase section */
		75F9C8042AF33FEC008A0430 /* Frameworks */ = {
			isa = PBXFrameworksBuildPhase;
			buildActionMask = 2147483647;
			files = (
				75F9C8092AF33FEC008A0430 /* SwiftUI.framework in Frameworks */,
				75F9C8082AF33FEC008A0430 /* WidgetKit.framework in Frameworks */,
			);
			runOnlyForDeploymentPostprocessing = 0;
		};
		8304D7DA2AB3DC2D00C9A9B1 /* Frameworks */ = {
			isa = PBXFrameworksBuildPhase;
			buildActionMask = 2147483647;
			files = (
				7571F9582B002AEA00229DEA /* StoreKit.framework in Frameworks */,
				75621A702AC3A72000B407A9 /* ConfettiSwiftUI in Frameworks */,
				75F9C7C92AE99D92008A0430 /* Lottie in Frameworks */,
			);
			runOnlyForDeploymentPostprocessing = 0;
		};
/* End PBXFrameworksBuildPhase section */

/* Begin PBXGroup section */
		7571F9532B00295C00229DEA /* Subscription */ = {
			isa = PBXGroup;
			children = (
				7571F9542B0029C300229DEA /* StoreKitManager .swift */,
				7571F9592B002BD900229DEA /* VocBoxProduct.storekit */,
			);
			path = Subscription;
			sourceTree = "<group>";
		};
		7571F96E2B03DBBD00229DEA /* AppReview */ = {
			isa = PBXGroup;
			children = (
				7571F96F2B03DBE300229DEA /* AppReviewManager.swift */,
				7571F9712B04071300229DEA /* AppReviewLinkView.swift */,
			);
			path = AppReview;
			sourceTree = "<group>";
		};
		75BF2CA62ACC8C3C003A32E6 /* Statistics */ = {
			isa = PBXGroup;
			children = (
				75D816B42AD89C89009D76B5 /* StatisticView.swift */,
				75621A792AC8D35A00B407A9 /* StatisticsViewModel.swift */,
				75BF2CB22ACCB859003A32E6 /* RecallStatisticsViewModel.swift */,
				75D816B62AD8EB14009D76B5 /* TestStatisticView.swift */,
			);
			path = Statistics;
			sourceTree = "<group>";
		};
		75BF2CA92ACC8CCD003A32E6 /* Profile */ = {
			isa = PBXGroup;
			children = (
				75BF2CB82ACE47BB003A32E6 /* ProfileView.swift */,
				75BF2CC22ACF2AF6003A32E6 /* ProUpgrade */,
				75BF2CBF2ACF2854003A32E6 /* Reminder */,
				75BF2CAA2ACC8CE7003A32E6 /* Widget */,
				75BF2CBC2ACF26CD003A32E6 /* Search */,
				75BF2CA62ACC8C3C003A32E6 /* Statistics */,
			);
			path = Profile;
			sourceTree = "<group>";
		};
		75BF2CAA2ACC8CE7003A32E6 /* Widget */ = {
			isa = PBXGroup;
			children = (
				75BF2CAC2ACC8D11003A32E6 /* WidgetSettingView.swift */,
				75F9C8232AF42C52008A0430 /* WidgetCard.swift */,
			);
			path = Widget;
			sourceTree = "<group>";
		};
		75BF2CBC2ACF26CD003A32E6 /* Search */ = {
			isa = PBXGroup;
			children = (
				75BF2CBD2ACF26EF003A32E6 /* SearchView.swift */,
				75BF2CC92AD0C3D3003A32E6 /* DefinitionView .swift */,
				75BF2CCD2AD1DEE1003A32E6 /* CustomSearchBar.swift */,
			);
			path = Search;
			sourceTree = "<group>";
		};
		75BF2CBF2ACF2854003A32E6 /* Reminder */ = {
			isa = PBXGroup;
			children = (
				75F9C7D02AEB104F008A0430 /* localNotification.swift */,
				75BF2CC02ACF286D003A32E6 /* ReminderView.swift */,
				75F9C7D22AEB51FB008A0430 /* ReminderSetting.swift */,
			);
			path = Reminder;
			sourceTree = "<group>";
		};
		75BF2CC22ACF2AF6003A32E6 /* ProUpgrade */ = {
			isa = PBXGroup;
			children = (
				75BF2CC32ACF2B1B003A32E6 /* ProUpgradeView.swift */,
			);
			path = ProUpgrade;
			sourceTree = "<group>";
		};
		75BF2CD12AD27434003A32E6 /* Register */ = {
			isa = PBXGroup;
			children = (
				75BF2CD22AD27464003A32E6 /* RegisterView.swift */,
			);
			path = Register;
			sourceTree = "<group>";
		};
		75D816BC2ADB3345009D76B5 /* ApiKey */ = {
			isa = PBXGroup;
			children = (
				75D816C32ADB3662009D76B5 /* WNApiKey.json */,
			);
			path = ApiKey;
			sourceTree = "<group>";
		};
		75F9C7A12ADE17EC008A0430 /* GitIgnore */ = {
			isa = PBXGroup;
			children = (
			);
			path = GitIgnore;
			sourceTree = "<group>";
		};
		75F9C7A42ADF2942008A0430 /* Onboarding  */ = {
			isa = PBXGroup;
			children = (
				75F9C7A52ADF297B008A0430 /* SplashScreenView.swift */,
				75F9C7AD2AE06198008A0430 /* OnboardingView.swift */,
				75F9C7AF2AE06361008A0430 /* OnboardingPagesView.swift */,
				75F9C7CA2AE99DCF008A0430 /* LottieView.swift */,
				75F9C7CC2AE9A7CB008A0430 /* brainAnimate.json */,
				75F9C7CE2AE9A7D3008A0430 /* boxAnimate.json */,
				75F9C7D42AEDE3EE008A0430 /* boxSmileAnimate.json */,
				75F9C7D62AEDEC13008A0430 /* boxSpark.json */,
			);
			path = "Onboarding ";
			sourceTree = "<group>";
		};
		75F9C7B32AE1AE71008A0430 /* Fonts */ = {
			isa = PBXGroup;
			children = (
				75F9C7B42AE1AED4008A0430 /* AbrilFatface-Regular.ttf */,
				75F9C7BF2AE20B81008A0430 /* ZillaSlab-Regular.ttf */,
				75F9C7C12AE2DB39008A0430 /* PlayfairDisplay-VariableFont_wght.ttf */,
			);
			path = Fonts;
			sourceTree = "<group>";
		};
		75F9C7DF2AF326D2008A0430 /* Frameworks */ = {
			isa = PBXGroup;
			children = (
				7571F9572B002AEA00229DEA /* StoreKit.framework */,
				75F9C7E02AF326D2008A0430 /* WidgetKit.framework */,
				75F9C7E22AF326D2008A0430 /* SwiftUI.framework */,
			);
			name = Frameworks;
			sourceTree = "<group>";
		};
		75F9C80A2AF33FEC008A0430 /* VocBoxWidgets */ = {
			isa = PBXGroup;
			children = (
				75F9C80B2AF33FEC008A0430 /* VocBoxWidgetsBundle.swift */,
				75F9C80D2AF33FEC008A0430 /* VocBoxWidgets.swift */,
				75F9C80F2AF33FED008A0430 /* Assets.xcassets */,
				75F9C8112AF33FED008A0430 /* Info.plist */,
			);
			path = VocBoxWidgets;
			sourceTree = "<group>";
		};
		8304D7D42AB3DC2D00C9A9B1 = {
			isa = PBXGroup;
			children = (
				75F9C81C2AF35048008A0430 /* VocBoxWidgetsExtension.entitlements */,
				8304D7DF2AB3DC2D00C9A9B1 /* VocBox */,
				75F9C80A2AF33FEC008A0430 /* VocBoxWidgets */,
				75F9C7DF2AF326D2008A0430 /* Frameworks */,
				8304D7DE2AB3DC2D00C9A9B1 /* Products */,
			);
			sourceTree = "<group>";
		};
		8304D7DE2AB3DC2D00C9A9B1 /* Products */ = {
			isa = PBXGroup;
			children = (
				8304D7DD2AB3DC2D00C9A9B1 /* VocBox.app */,
				75F9C8072AF33FEC008A0430 /* VocBoxWidgetsExtension.appex */,
			);
			name = Products;
			sourceTree = "<group>";
		};
		8304D7DF2AB3DC2D00C9A9B1 /* VocBox */ = {
			isa = PBXGroup;
			children = (
				75F9C81B2AF34FA0008A0430 /* VocBox.entitlements */,
				75F9C7B62AE1B217008A0430 /* Info.plist */,
				8304D7E02AB3DC2D00C9A9B1 /* VocBoxApp.swift */,
				75D816BC2ADB3345009D76B5 /* ApiKey */,
				8304D7EE2AB3DC4500C9A9B1 /* Core */,
				7571F9532B00295C00229DEA /* Subscription */,
				75F9C7B32AE1AE71008A0430 /* Fonts */,
				83E590C72AB52677002ABD04 /* Helpers */,
				8304D7F02AB3DC8400C9A9B1 /* Models */,
				75F9C7A42ADF2942008A0430 /* Onboarding  */,
				75BF2CD12AD27434003A32E6 /* Register */,
				83E590C22AB51CBA002ABD04 /* Services */,
				75F9C7A12ADE17EC008A0430 /* GitIgnore */,
				8304D7E42AB3DC2F00C9A9B1 /* Assets.xcassets */,
				8304D7E62AB3DC2F00C9A9B1 /* Preview Content */,
			);
			path = VocBox;
			sourceTree = "<group>";
		};
		8304D7E62AB3DC2F00C9A9B1 /* Preview Content */ = {
			isa = PBXGroup;
			children = (
				8304D7E72AB3DC2F00C9A9B1 /* Preview Assets.xcassets */,
			);
			path = "Preview Content";
			sourceTree = "<group>";
		};
		8304D7EE2AB3DC4500C9A9B1 /* Core */ = {
			isa = PBXGroup;
			children = (
				83E590CC2AB52811002ABD04 /* ReviewVoc */,
				8304D7F32AB3DD4B00C9A9B1 /* AddVoc */,
				7571F96E2B03DBBD00229DEA /* AppReview */,
				83E590CE2AB52912002ABD04 /* Components */,
				8304D7F62AB3DD7000C9A9B1 /* EditVoc */,
				75BF2CA92ACC8CCD003A32E6 /* Profile */,
				8304D7F92AB3DD9A00C9A9B1 /* RecallVoc */,
			);
			path = Core;
			sourceTree = "<group>";
		};
		8304D7F02AB3DC8400C9A9B1 /* Models */ = {
			isa = PBXGroup;
			children = (
				83E590BB2AB3E81F002ABD04 /* DataModel.xcdatamodeld */,
				83E590BE2AB3E9D7002ABD04 /* CoredataController.swift */,
				83E590C02AB3E9FF002ABD04 /* EntityExtentions.swift */,
				75621A6A2AC2606B00B407A9 /* Vocab.swift */,
				75D816B82ADAFB74009D76B5 /* VocabPronunciation.swift */,
				75D816C52ADB599D009D76B5 /* ApiKey.swift */,
				75F9C7AB2AE06007008A0430 /* OnboardingPage.swift */,
			);
			path = Models;
			sourceTree = "<group>";
		};
		8304D7F32AB3DD4B00C9A9B1 /* AddVoc */ = {
			isa = PBXGroup;
			children = (
				8304D7F42AB3DD6500C9A9B1 /* AddVocView.swift */,
				83E590D12AB571ED002ABD04 /* PartOfSpeech.swift */,
				83E5AA5C2ABCAC8000136C34 /* AddVocViewModel.swift */,
			);
			path = AddVoc;
			sourceTree = "<group>";
		};
		8304D7F62AB3DD7000C9A9B1 /* EditVoc */ = {
			isa = PBXGroup;
			children = (
				8304D7F72AB3DD8A00C9A9B1 /* EditVocView.swift */,
			);
			path = EditVoc;
			sourceTree = "<group>";
		};
		8304D7F92AB3DD9A00C9A9B1 /* RecallVoc */ = {
			isa = PBXGroup;
			children = (
				8304D7FA2AB3DDD400C9A9B1 /* RecallVocView.swift */,
				83E5AA552ABBD8BC00136C34 /* RecallVocViewModel.swift */,
				83E5AA602ABD2C9A00136C34 /* RecallProgressView.swift */,
			);
			path = RecallVoc;
			sourceTree = "<group>";
		};
		83E590C22AB51CBA002ABD04 /* Services */ = {
			isa = PBXGroup;
			children = (
				75D816BA2ADB003B009D76B5 /* FetchPronunciation .swift */,
				75D816C12ADB34E0009D76B5 /* GetApiKey.swift */,
			);
			path = Services;
			sourceTree = "<group>";
		};
		83E590C72AB52677002ABD04 /* Helpers */ = {
			isa = PBXGroup;
			children = (
				75F9C7B12AE0DB45008A0430 /* AppConstant.swift */,
				75F9C7BA2AE1FFAA008A0430 /* CustomFont.swift */,
				75BF2CBA2ACE62B3003A32E6 /* DarkMode.swift */,
				83E590C82AB52695002ABD04 /* Extentions .swift */,
				75F9C7BD2AE20040008A0430 /* FontExtention.swift */,
				75621A7B2AC8D9BB00B407A9 /* MockScore.swift */,
				75621A6C2AC28D3600B407A9 /* Pronunciation.swift */,
				75D816952AD7603E009D76B5 /* ReadWord.swift */,
				83E5AA532ABA8AB100136C34 /* TimeCalculate.swift */,
				83E5AA5E2ABCAEE300136C34 /* TrimString.swift */,
			);
			path = Helpers;
			sourceTree = "<group>";
		};
		83E590CC2AB52811002ABD04 /* ReviewVoc */ = {
			isa = PBXGroup;
			children = (
				83E590CA2AB527FC002ABD04 /* ReviewVocView.swift */,
				7571F95C2B003D2F00229DEA /* TestSubscription.swift */,
			);
			path = ReviewVoc;
			sourceTree = "<group>";
		};
		83E590CE2AB52912002ABD04 /* Components */ = {
			isa = PBXGroup;
			children = (
				75621A712AC3A7C300B407A9 /* Confetti.swift */,
				83E590CF2AB52962002ABD04 /* VocabCardRow.swift */,
				75F9C7C32AE832BF008A0430 /* LongButton.swift */,
				83E34A872AB677B600350CF7 /* SmallButton.swift */,
				75F9C7C52AE838FF008A0430 /* CardButton .swift */,
				7571F96C2B03D39800229DEA /* SubScriptionButton.swift */,
				750D26AC2ABE8E1D00300914 /* CreateFirstVocabCard.swift */,
				75621A772AC7AB4800B407A9 /* StatisticsCardRow.swift */,
				75BF2CB02ACCB5FD003A32E6 /* MostRecallVocabRow.swift */,
				75BF2CB42ACCF5EB003A32E6 /* LeastRecallVocabRow.swift */,
				75BF2CB62ACD052B003A32E6 /* TotalVocabRow.swift */,
				75BF2CCF2AD24CDF003A32E6 /* HintCard.swift */,
				75BF2CD42AD3ABB7003A32E6 /* TakeAChallengeCard .swift */,
				758FDFE72AF99EB70006B2C0 /* NoFavoriteCard.swift */,
				7571F9732B0408A300229DEA /* AppReviewCard .swift */,
			);
			path = Components;
			sourceTree = "<group>";
		};
/* End PBXGroup section */

/* Begin PBXNativeTarget section */
		75F9C8062AF33FEC008A0430 /* VocBoxWidgetsExtension */ = {
			isa = PBXNativeTarget;
			buildConfigurationList = 75F9C8152AF33FED008A0430 /* Build configuration list for PBXNativeTarget "VocBoxWidgetsExtension" */;
			buildPhases = (
				75F9C8032AF33FEC008A0430 /* Sources */,
				75F9C8042AF33FEC008A0430 /* Frameworks */,
				75F9C8052AF33FEC008A0430 /* Resources */,
			);
			buildRules = (
			);
			dependencies = (
			);
			name = VocBoxWidgetsExtension;
			productName = VocBoxWidgetsExtension;
			productReference = 75F9C8072AF33FEC008A0430 /* VocBoxWidgetsExtension.appex */;
			productType = "com.apple.product-type.app-extension";
		};
		8304D7DC2AB3DC2D00C9A9B1 /* VocBox */ = {
			isa = PBXNativeTarget;
			buildConfigurationList = 8304D7EB2AB3DC2F00C9A9B1 /* Build configuration list for PBXNativeTarget "VocBox" */;
			buildPhases = (
				8304D7D92AB3DC2D00C9A9B1 /* Sources */,
				8304D7DA2AB3DC2D00C9A9B1 /* Frameworks */,
				8304D7DB2AB3DC2D00C9A9B1 /* Resources */,
				75F9C7F62AF326D3008A0430 /* Embed Foundation Extensions */,
			);
			buildRules = (
			);
			dependencies = (
				75F9C8132AF33FED008A0430 /* PBXTargetDependency */,
			);
			name = VocBox;
			packageProductDependencies = (
				75621A6F2AC3A72000B407A9 /* ConfettiSwiftUI */,
				75F9C7C82AE99D92008A0430 /* Lottie */,
			);
			productName = VocBox;
			productReference = 8304D7DD2AB3DC2D00C9A9B1 /* VocBox.app */;
			productType = "com.apple.product-type.application";
		};
/* End PBXNativeTarget section */

/* Begin PBXProject section */
		8304D7D52AB3DC2D00C9A9B1 /* Project object */ = {
			isa = PBXProject;
			attributes = {
				BuildIndependentTargetsInParallel = 1;
				LastSwiftUpdateCheck = 1500;
				LastUpgradeCheck = 1500;
				TargetAttributes = {
					75F9C8062AF33FEC008A0430 = {
						CreatedOnToolsVersion = 15.0;
					};
					8304D7DC2AB3DC2D00C9A9B1 = {
						CreatedOnToolsVersion = 14.2;
					};
				};
			};
			buildConfigurationList = 8304D7D82AB3DC2D00C9A9B1 /* Build configuration list for PBXProject "VocBox" */;
			compatibilityVersion = "Xcode 14.0";
			developmentRegion = en;
			hasScannedForEncodings = 0;
			knownRegions = (
				en,
				Base,
			);
			mainGroup = 8304D7D42AB3DC2D00C9A9B1;
			packageReferences = (
				75621A6E2AC3A72000B407A9 /* XCRemoteSwiftPackageReference "ConfettiSwiftUI" */,
				75F9C7C72AE99D92008A0430 /* XCRemoteSwiftPackageReference "lottie-ios" */,
			);
			productRefGroup = 8304D7DE2AB3DC2D00C9A9B1 /* Products */;
			projectDirPath = "";
			projectRoot = "";
			targets = (
				8304D7DC2AB3DC2D00C9A9B1 /* VocBox */,
				75F9C8062AF33FEC008A0430 /* VocBoxWidgetsExtension */,
			);
		};
/* End PBXProject section */

/* Begin PBXResourcesBuildPhase section */
		75F9C8052AF33FEC008A0430 /* Resources */ = {
			isa = PBXResourcesBuildPhase;
			buildActionMask = 2147483647;
			files = (
				75F9C81F2AF42114008A0430 /* ZillaSlab-Regular.ttf in Resources */,
				75F9C8102AF33FED008A0430 /* Assets.xcassets in Resources */,
				7571F95B2B002BD900229DEA /* VocBoxProduct.storekit in Resources */,
				75F9C8202AF42118008A0430 /* PlayfairDisplay-VariableFont_wght.ttf in Resources */,
				75F9C81E2AF42110008A0430 /* AbrilFatface-Regular.ttf in Resources */,
			);
			runOnlyForDeploymentPostprocessing = 0;
		};
		8304D7DB2AB3DC2D00C9A9B1 /* Resources */ = {
			isa = PBXResourcesBuildPhase;
			buildActionMask = 2147483647;
			files = (
				75F9C7D52AEDE3EE008A0430 /* boxSmileAnimate.json in Resources */,
				75F9C7CD2AE9A7CB008A0430 /* brainAnimate.json in Resources */,
				8304D7E82AB3DC2F00C9A9B1 /* Preview Assets.xcassets in Resources */,
				75F9C7D72AEDEC13008A0430 /* boxSpark.json in Resources */,
				7571F95A2B002BD900229DEA /* VocBoxProduct.storekit in Resources */,
				75D816C42ADB3662009D76B5 /* WNApiKey.json in Resources */,
				8304D7E52AB3DC2F00C9A9B1 /* Assets.xcassets in Resources */,
				75F9C7C02AE20B81008A0430 /* ZillaSlab-Regular.ttf in Resources */,
				75F9C7C22AE2DB39008A0430 /* PlayfairDisplay-VariableFont_wght.ttf in Resources */,
				75F9C7B52AE1AED4008A0430 /* AbrilFatface-Regular.ttf in Resources */,
				75F9C7CF2AE9A7D3008A0430 /* boxAnimate.json in Resources */,
			);
			runOnlyForDeploymentPostprocessing = 0;
		};
/* End PBXResourcesBuildPhase section */

/* Begin PBXSourcesBuildPhase section */
		75F9C8032AF33FEC008A0430 /* Sources */ = {
			isa = PBXSourcesBuildPhase;
			buildActionMask = 2147483647;
			files = (
				75F9C8222AF421C5008A0430 /* CustomFont.swift in Sources */,
				7571F9562B0029C300229DEA /* StoreKitManager .swift in Sources */,
				75F9C8182AF34001008A0430 /* DataModel.xcdatamodeld in Sources */,
				7571F95E2B003D2F00229DEA /* TestSubscription.swift in Sources */,
				75F9C81D2AF417D9008A0430 /* Extentions .swift in Sources */,
				75F9C80E2AF33FEC008A0430 /* VocBoxWidgets.swift in Sources */,
				75F9C8212AF4215F008A0430 /* FontExtention.swift in Sources */,
				75F9C8192AF34005008A0430 /* CoredataController.swift in Sources */,
				75F9C80C2AF33FEC008A0430 /* VocBoxWidgetsBundle.swift in Sources */,
			);
			runOnlyForDeploymentPostprocessing = 0;
		};
		8304D7D92AB3DC2D00C9A9B1 /* Sources */ = {
			isa = PBXSourcesBuildPhase;
			buildActionMask = 2147483647;
			files = (
				83E5AA612ABD2C9A00136C34 /* RecallProgressView.swift in Sources */,
				75D816C62ADB599D009D76B5 /* ApiKey.swift in Sources */,
				75F9C7C62AE838FF008A0430 /* CardButton .swift in Sources */,
				75F9C7C42AE832BF008A0430 /* LongButton.swift in Sources */,
				75D816B52AD89C89009D76B5 /* StatisticView.swift in Sources */,
				83E5AA5F2ABCAEE300136C34 /* TrimString.swift in Sources */,
				75BF2CAD2ACC8D11003A32E6 /* WidgetSettingView.swift in Sources */,
				75BF2CBB2ACE62B3003A32E6 /* DarkMode.swift in Sources */,
				83E34A882AB677B600350CF7 /* SmallButton.swift in Sources */,
				8304D7F82AB3DD8A00C9A9B1 /* EditVocView.swift in Sources */,
				75BF2CB92ACE47BB003A32E6 /* ProfileView.swift in Sources */,
				83E590D02AB52962002ABD04 /* VocabCardRow.swift in Sources */,
				75F9C7B02AE06361008A0430 /* OnboardingPagesView.swift in Sources */,
				75BF2CB52ACCF5EB003A32E6 /* LeastRecallVocabRow.swift in Sources */,
				75F9C7AE2AE06198008A0430 /* OnboardingView.swift in Sources */,
				75BF2CCA2AD0C3D3003A32E6 /* DefinitionView .swift in Sources */,
				75BF2CB72ACD052B003A32E6 /* TotalVocabRow.swift in Sources */,
				75F9C8242AF42C52008A0430 /* WidgetCard.swift in Sources */,
				75F9C81A2AF34010008A0430 /* VocBoxWidgets.swift in Sources */,
				7571F9552B0029C300229DEA /* StoreKitManager .swift in Sources */,
				7571F96D2B03D39800229DEA /* SubScriptionButton.swift in Sources */,
				83E590BF2AB3E9D7002ABD04 /* CoredataController.swift in Sources */,
				75621A6D2AC28D3600B407A9 /* Pronunciation.swift in Sources */,
				75F9C7BE2AE20040008A0430 /* FontExtention.swift in Sources */,
				75F9C7B22AE0DB45008A0430 /* AppConstant.swift in Sources */,
				83E590D22AB571ED002ABD04 /* PartOfSpeech.swift in Sources */,
				758FDFE82AF99EB70006B2C0 /* NoFavoriteCard.swift in Sources */,
				75F9C7CB2AE99DCF008A0430 /* LottieView.swift in Sources */,
				75D816962AD7603E009D76B5 /* ReadWord.swift in Sources */,
				83E5AA562ABBD8BC00136C34 /* RecallVocViewModel.swift in Sources */,
				75BF2CD52AD3ABB7003A32E6 /* TakeAChallengeCard .swift in Sources */,
				75D816B72AD8EB14009D76B5 /* TestStatisticView.swift in Sources */,
				8304D7F52AB3DD6500C9A9B1 /* AddVocView.swift in Sources */,
				75621A6B2AC2606B00B407A9 /* Vocab.swift in Sources */,
				75F9C7D12AEB104F008A0430 /* localNotification.swift in Sources */,
				75BF2CC42ACF2B1B003A32E6 /* ProUpgradeView.swift in Sources */,
				75F9C7A62ADF297B008A0430 /* SplashScreenView.swift in Sources */,
				75BF2CBE2ACF26EF003A32E6 /* SearchView.swift in Sources */,
				83E590CB2AB527FC002ABD04 /* ReviewVocView.swift in Sources */,
				83E590BD2AB3E81F002ABD04 /* DataModel.xcdatamodeld in Sources */,
				75BF2CB12ACCB5FD003A32E6 /* MostRecallVocabRow.swift in Sources */,
				8304D7E12AB3DC2D00C9A9B1 /* VocBoxApp.swift in Sources */,
				75BF2CB32ACCB859003A32E6 /* RecallStatisticsViewModel.swift in Sources */,
				83E590C12AB3E9FF002ABD04 /* EntityExtentions.swift in Sources */,
				75F9C7D32AEB51FB008A0430 /* ReminderSetting.swift in Sources */,
				7571F9742B0408A300229DEA /* AppReviewCard .swift in Sources */,
				75621A7A2AC8D35A00B407A9 /* StatisticsViewModel.swift in Sources */,
				75D816C22ADB34E0009D76B5 /* GetApiKey.swift in Sources */,
				83E590C92AB52695002ABD04 /* Extentions .swift in Sources */,
				75F9C7BB2AE1FFAA008A0430 /* CustomFont.swift in Sources */,
				75BF2CD02AD24CDF003A32E6 /* HintCard.swift in Sources */,
				75621A782AC7AB4800B407A9 /* StatisticsCardRow.swift in Sources */,
				75BF2CD32AD27464003A32E6 /* RegisterView.swift in Sources */,
				75BF2CCE2AD1DEE1003A32E6 /* CustomSearchBar.swift in Sources */,
				75BF2CC12ACF286D003A32E6 /* ReminderView.swift in Sources */,
				7571F9722B04071300229DEA /* AppReviewLinkView.swift in Sources */,
				75621A7C2AC8D9BB00B407A9 /* MockScore.swift in Sources */,
				75D816B92ADAFB74009D76B5 /* VocabPronunciation.swift in Sources */,
				8304D7FB2AB3DDD400C9A9B1 /* RecallVocView.swift in Sources */,
				7571F9702B03DBE300229DEA /* AppReviewManager.swift in Sources */,
				75F9C7AC2AE06007008A0430 /* OnboardingPage.swift in Sources */,
				7571F95D2B003D2F00229DEA /* TestSubscription.swift in Sources */,
				75621A722AC3A7C300B407A9 /* Confetti.swift in Sources */,
				750D26AD2ABE8E1D00300914 /* CreateFirstVocabCard.swift in Sources */,
				75D816BB2ADB003B009D76B5 /* FetchPronunciation .swift in Sources */,
				83E5AA5D2ABCAC8000136C34 /* AddVocViewModel.swift in Sources */,
				83E5AA542ABA8AB100136C34 /* TimeCalculate.swift in Sources */,
			);
			runOnlyForDeploymentPostprocessing = 0;
		};
/* End PBXSourcesBuildPhase section */

/* Begin PBXTargetDependency section */
		75F9C8132AF33FED008A0430 /* PBXTargetDependency */ = {
			isa = PBXTargetDependency;
			target = 75F9C8062AF33FEC008A0430 /* VocBoxWidgetsExtension */;
			targetProxy = 75F9C8122AF33FED008A0430 /* PBXContainerItemProxy */;
		};
/* End PBXTargetDependency section */

/* Begin XCBuildConfiguration section */
		75F9C8162AF33FED008A0430 /* Debug */ = {
			isa = XCBuildConfiguration;
			buildSettings = {
				ASSETCATALOG_COMPILER_GENERATE_SWIFT_ASSET_SYMBOL_EXTENSIONS = YES;
				ASSETCATALOG_COMPILER_GLOBAL_ACCENT_COLOR_NAME = AccentColor;
				ASSETCATALOG_COMPILER_WIDGET_BACKGROUND_COLOR_NAME = WidgetBackground;
				CODE_SIGN_ENTITLEMENTS = VocBoxWidgetsExtension.entitlements;
				CODE_SIGN_STYLE = Automatic;
				CURRENT_PROJECT_VERSION = 1;
				DEVELOPMENT_TEAM = M538P8S5RA;
				GCC_C_LANGUAGE_STANDARD = gnu17;
				GENERATE_INFOPLIST_FILE = YES;
				INFOPLIST_FILE = VocBoxWidgets/Info.plist;
				INFOPLIST_KEY_CFBundleDisplayName = VocBoxWidgets;
				INFOPLIST_KEY_NSHumanReadableCopyright = "";
				IPHONEOS_DEPLOYMENT_TARGET = 16.0;
				LD_RUNPATH_SEARCH_PATHS = (
					"$(inherited)",
					"@executable_path/Frameworks",
					"@executable_path/../../Frameworks",
				);
				LOCALIZATION_PREFERS_STRING_CATALOGS = YES;
				MARKETING_VERSION = 1.0;
				PRODUCT_BUNDLE_IDENTIFIER = com.Jessie.VocBox.VocBoxWidgets;
				PRODUCT_NAME = "$(TARGET_NAME)";
				SKIP_INSTALL = YES;
				SWIFT_ACTIVE_COMPILATION_CONDITIONS = "DEBUG $(inherited)";
				SWIFT_EMIT_LOC_STRINGS = YES;
				SWIFT_VERSION = 5.0;
				TARGETED_DEVICE_FAMILY = "1,2";
			};
			name = Debug;
		};
		75F9C8172AF33FED008A0430 /* Release */ = {
			isa = XCBuildConfiguration;
			buildSettings = {
				ASSETCATALOG_COMPILER_GENERATE_SWIFT_ASSET_SYMBOL_EXTENSIONS = YES;
				ASSETCATALOG_COMPILER_GLOBAL_ACCENT_COLOR_NAME = AccentColor;
				ASSETCATALOG_COMPILER_WIDGET_BACKGROUND_COLOR_NAME = WidgetBackground;
				CODE_SIGN_ENTITLEMENTS = VocBoxWidgetsExtension.entitlements;
				CODE_SIGN_STYLE = Automatic;
				CURRENT_PROJECT_VERSION = 1;
				DEVELOPMENT_TEAM = M538P8S5RA;
				GCC_C_LANGUAGE_STANDARD = gnu17;
				GENERATE_INFOPLIST_FILE = YES;
				INFOPLIST_FILE = VocBoxWidgets/Info.plist;
				INFOPLIST_KEY_CFBundleDisplayName = VocBoxWidgets;
				INFOPLIST_KEY_NSHumanReadableCopyright = "";
				IPHONEOS_DEPLOYMENT_TARGET = 16.0;
				LD_RUNPATH_SEARCH_PATHS = (
					"$(inherited)",
					"@executable_path/Frameworks",
					"@executable_path/../../Frameworks",
				);
				LOCALIZATION_PREFERS_STRING_CATALOGS = YES;
				MARKETING_VERSION = 1.0;
				PRODUCT_BUNDLE_IDENTIFIER = com.Jessie.VocBox.VocBoxWidgets;
				PRODUCT_NAME = "$(TARGET_NAME)";
				SKIP_INSTALL = YES;
				SWIFT_EMIT_LOC_STRINGS = YES;
				SWIFT_VERSION = 5.0;
				TARGETED_DEVICE_FAMILY = "1,2";
			};
			name = Release;
		};
		8304D7E92AB3DC2F00C9A9B1 /* Debug */ = {
			isa = XCBuildConfiguration;
			buildSettings = {
				ALWAYS_SEARCH_USER_PATHS = NO;
				CLANG_ANALYZER_NONNULL = YES;
				CLANG_ANALYZER_NUMBER_OBJECT_CONVERSION = YES_AGGRESSIVE;
				CLANG_CXX_LANGUAGE_STANDARD = "gnu++20";
				CLANG_ENABLE_MODULES = YES;
				CLANG_ENABLE_OBJC_ARC = YES;
				CLANG_ENABLE_OBJC_WEAK = YES;
				CLANG_WARN_BLOCK_CAPTURE_AUTORELEASING = YES;
				CLANG_WARN_BOOL_CONVERSION = YES;
				CLANG_WARN_COMMA = YES;
				CLANG_WARN_CONSTANT_CONVERSION = YES;
				CLANG_WARN_DEPRECATED_OBJC_IMPLEMENTATIONS = YES;
				CLANG_WARN_DIRECT_OBJC_ISA_USAGE = YES_ERROR;
				CLANG_WARN_DOCUMENTATION_COMMENTS = YES;
				CLANG_WARN_EMPTY_BODY = YES;
				CLANG_WARN_ENUM_CONVERSION = YES;
				CLANG_WARN_INFINITE_RECURSION = YES;
				CLANG_WARN_INT_CONVERSION = YES;
				CLANG_WARN_NON_LITERAL_NULL_CONVERSION = YES;
				CLANG_WARN_OBJC_IMPLICIT_RETAIN_SELF = YES;
				CLANG_WARN_OBJC_LITERAL_CONVERSION = YES;
				CLANG_WARN_OBJC_ROOT_CLASS = YES_ERROR;
				CLANG_WARN_QUOTED_INCLUDE_IN_FRAMEWORK_HEADER = YES;
				CLANG_WARN_RANGE_LOOP_ANALYSIS = YES;
				CLANG_WARN_STRICT_PROTOTYPES = YES;
				CLANG_WARN_SUSPICIOUS_MOVE = YES;
				CLANG_WARN_UNGUARDED_AVAILABILITY = YES_AGGRESSIVE;
				CLANG_WARN_UNREACHABLE_CODE = YES;
				CLANG_WARN__DUPLICATE_METHOD_MATCH = YES;
				COPY_PHASE_STRIP = NO;
				DEBUG_INFORMATION_FORMAT = dwarf;
				ENABLE_STRICT_OBJC_MSGSEND = YES;
				ENABLE_TESTABILITY = YES;
				ENABLE_USER_SCRIPT_SANDBOXING = YES;
				GCC_C_LANGUAGE_STANDARD = gnu11;
				GCC_DYNAMIC_NO_PIC = NO;
				GCC_NO_COMMON_BLOCKS = YES;
				GCC_OPTIMIZATION_LEVEL = 0;
				GCC_PREPROCESSOR_DEFINITIONS = (
					"DEBUG=1",
					"$(inherited)",
				);
				GCC_WARN_64_TO_32_BIT_CONVERSION = YES;
				GCC_WARN_ABOUT_RETURN_TYPE = YES_ERROR;
				GCC_WARN_UNDECLARED_SELECTOR = YES;
				GCC_WARN_UNINITIALIZED_AUTOS = YES_AGGRESSIVE;
				GCC_WARN_UNUSED_FUNCTION = YES;
				GCC_WARN_UNUSED_VARIABLE = YES;
				IPHONEOS_DEPLOYMENT_TARGET = 16.0;
				MTL_ENABLE_DEBUG_INFO = INCLUDE_SOURCE;
				MTL_FAST_MATH = YES;
				ONLY_ACTIVE_ARCH = YES;
				SDKROOT = iphoneos;
				SWIFT_ACTIVE_COMPILATION_CONDITIONS = DEBUG;
				SWIFT_OPTIMIZATION_LEVEL = "-Onone";
			};
			name = Debug;
		};
		8304D7EA2AB3DC2F00C9A9B1 /* Release */ = {
			isa = XCBuildConfiguration;
			buildSettings = {
				ALWAYS_SEARCH_USER_PATHS = NO;
				CLANG_ANALYZER_NONNULL = YES;
				CLANG_ANALYZER_NUMBER_OBJECT_CONVERSION = YES_AGGRESSIVE;
				CLANG_CXX_LANGUAGE_STANDARD = "gnu++20";
				CLANG_ENABLE_MODULES = YES;
				CLANG_ENABLE_OBJC_ARC = YES;
				CLANG_ENABLE_OBJC_WEAK = YES;
				CLANG_WARN_BLOCK_CAPTURE_AUTORELEASING = YES;
				CLANG_WARN_BOOL_CONVERSION = YES;
				CLANG_WARN_COMMA = YES;
				CLANG_WARN_CONSTANT_CONVERSION = YES;
				CLANG_WARN_DEPRECATED_OBJC_IMPLEMENTATIONS = YES;
				CLANG_WARN_DIRECT_OBJC_ISA_USAGE = YES_ERROR;
				CLANG_WARN_DOCUMENTATION_COMMENTS = YES;
				CLANG_WARN_EMPTY_BODY = YES;
				CLANG_WARN_ENUM_CONVERSION = YES;
				CLANG_WARN_INFINITE_RECURSION = YES;
				CLANG_WARN_INT_CONVERSION = YES;
				CLANG_WARN_NON_LITERAL_NULL_CONVERSION = YES;
				CLANG_WARN_OBJC_IMPLICIT_RETAIN_SELF = YES;
				CLANG_WARN_OBJC_LITERAL_CONVERSION = YES;
				CLANG_WARN_OBJC_ROOT_CLASS = YES_ERROR;
				CLANG_WARN_QUOTED_INCLUDE_IN_FRAMEWORK_HEADER = YES;
				CLANG_WARN_RANGE_LOOP_ANALYSIS = YES;
				CLANG_WARN_STRICT_PROTOTYPES = YES;
				CLANG_WARN_SUSPICIOUS_MOVE = YES;
				CLANG_WARN_UNGUARDED_AVAILABILITY = YES_AGGRESSIVE;
				CLANG_WARN_UNREACHABLE_CODE = YES;
				CLANG_WARN__DUPLICATE_METHOD_MATCH = YES;
				COPY_PHASE_STRIP = NO;
				DEBUG_INFORMATION_FORMAT = "dwarf-with-dsym";
				ENABLE_NS_ASSERTIONS = NO;
				ENABLE_STRICT_OBJC_MSGSEND = YES;
				ENABLE_USER_SCRIPT_SANDBOXING = YES;
				GCC_C_LANGUAGE_STANDARD = gnu11;
				GCC_NO_COMMON_BLOCKS = YES;
				GCC_WARN_64_TO_32_BIT_CONVERSION = YES;
				GCC_WARN_ABOUT_RETURN_TYPE = YES_ERROR;
				GCC_WARN_UNDECLARED_SELECTOR = YES;
				GCC_WARN_UNINITIALIZED_AUTOS = YES_AGGRESSIVE;
				GCC_WARN_UNUSED_FUNCTION = YES;
				GCC_WARN_UNUSED_VARIABLE = YES;
				IPHONEOS_DEPLOYMENT_TARGET = 16.0;
				MTL_ENABLE_DEBUG_INFO = NO;
				MTL_FAST_MATH = YES;
				SDKROOT = iphoneos;
				SWIFT_COMPILATION_MODE = wholemodule;
				SWIFT_OPTIMIZATION_LEVEL = "-O";
				VALIDATE_PRODUCT = YES;
			};
			name = Release;
		};
		8304D7EC2AB3DC2F00C9A9B1 /* Debug */ = {
			isa = XCBuildConfiguration;
			buildSettings = {
				ALWAYS_EMBED_SWIFT_STANDARD_LIBRARIES = YES;
				ASSETCATALOG_COMPILER_APPICON_NAME = AppIcon;
				ASSETCATALOG_COMPILER_GLOBAL_ACCENT_COLOR_NAME = AccentColor;
				ASSETCATALOG_COMPILER_INCLUDE_ALL_APPICON_ASSETS = YES;
				CODE_SIGN_ENTITLEMENTS = VocBox/VocBox.entitlements;
				CODE_SIGN_STYLE = Automatic;
				CURRENT_PROJECT_VERSION = 1;
				DEVELOPMENT_ASSET_PATHS = "\"VocBox/Preview Content\"";
				DEVELOPMENT_TEAM = M538P8S5RA;
				ENABLE_PREVIEWS = YES;
				GENERATE_INFOPLIST_FILE = YES;
				INFOPLIST_FILE = VocBox/Info.plist;
				INFOPLIST_KEY_UIApplicationSceneManifest_Generation = YES;
				INFOPLIST_KEY_UIApplicationSupportsIndirectInputEvents = YES;
				INFOPLIST_KEY_UILaunchScreen_Generation = YES;
				INFOPLIST_KEY_UILaunchStoryboardName = SplashScreenView;
				INFOPLIST_KEY_UIStatusBarStyle = "";
				INFOPLIST_KEY_UISupportedInterfaceOrientations = UIInterfaceOrientationPortrait;
				INFOPLIST_KEY_UISupportedInterfaceOrientations_iPad = "UIInterfaceOrientationLandscapeLeft UIInterfaceOrientationLandscapeRight UIInterfaceOrientationPortrait UIInterfaceOrientationPortraitUpsideDown";
				LD_RUNPATH_SEARCH_PATHS = (
					"$(inherited)",
					"@executable_path/Frameworks",
				);
				MARKETING_VERSION = 1.0;
				PRODUCT_BUNDLE_IDENTIFIER = com.Jessie.VocBox;
				PRODUCT_NAME = "$(TARGET_NAME)";
				SWIFT_EMIT_LOC_STRINGS = YES;
				SWIFT_VERSION = 5.0;
				TARGETED_DEVICE_FAMILY = "1,2";
			};
			name = Debug;
		};
		8304D7ED2AB3DC2F00C9A9B1 /* Release */ = {
			isa = XCBuildConfiguration;
			buildSettings = {
				ALWAYS_EMBED_SWIFT_STANDARD_LIBRARIES = YES;
				ASSETCATALOG_COMPILER_APPICON_NAME = AppIcon;
				ASSETCATALOG_COMPILER_GLOBAL_ACCENT_COLOR_NAME = AccentColor;
				ASSETCATALOG_COMPILER_INCLUDE_ALL_APPICON_ASSETS = YES;
				CODE_SIGN_ENTITLEMENTS = VocBox/VocBox.entitlements;
				CODE_SIGN_STYLE = Automatic;
				CURRENT_PROJECT_VERSION = 1;
				DEVELOPMENT_ASSET_PATHS = "\"VocBox/Preview Content\"";
				DEVELOPMENT_TEAM = M538P8S5RA;
				ENABLE_PREVIEWS = YES;
				GENERATE_INFOPLIST_FILE = YES;
				INFOPLIST_FILE = VocBox/Info.plist;
				INFOPLIST_KEY_UIApplicationSceneManifest_Generation = YES;
				INFOPLIST_KEY_UIApplicationSupportsIndirectInputEvents = YES;
				INFOPLIST_KEY_UILaunchScreen_Generation = YES;
				INFOPLIST_KEY_UILaunchStoryboardName = SplashScreenView;
				INFOPLIST_KEY_UIStatusBarStyle = "";
				INFOPLIST_KEY_UISupportedInterfaceOrientations = UIInterfaceOrientationPortrait;
				INFOPLIST_KEY_UISupportedInterfaceOrientations_iPad = "UIInterfaceOrientationLandscapeLeft UIInterfaceOrientationLandscapeRight UIInterfaceOrientationPortrait UIInterfaceOrientationPortraitUpsideDown";
				LD_RUNPATH_SEARCH_PATHS = (
					"$(inherited)",
					"@executable_path/Frameworks",
				);
				MARKETING_VERSION = 1.0;
				PRODUCT_BUNDLE_IDENTIFIER = com.Jessie.VocBox;
				PRODUCT_NAME = "$(TARGET_NAME)";
				SWIFT_EMIT_LOC_STRINGS = YES;
				SWIFT_VERSION = 5.0;
				TARGETED_DEVICE_FAMILY = "1,2";
			};
			name = Release;
		};
/* End XCBuildConfiguration section */

/* Begin XCConfigurationList section */
		75F9C8152AF33FED008A0430 /* Build configuration list for PBXNativeTarget "VocBoxWidgetsExtension" */ = {
			isa = XCConfigurationList;
			buildConfigurations = (
				75F9C8162AF33FED008A0430 /* Debug */,
				75F9C8172AF33FED008A0430 /* Release */,
			);
			defaultConfigurationIsVisible = 0;
			defaultConfigurationName = Release;
		};
		8304D7D82AB3DC2D00C9A9B1 /* Build configuration list for PBXProject "VocBox" */ = {
			isa = XCConfigurationList;
			buildConfigurations = (
				8304D7E92AB3DC2F00C9A9B1 /* Debug */,
				8304D7EA2AB3DC2F00C9A9B1 /* Release */,
			);
			defaultConfigurationIsVisible = 0;
			defaultConfigurationName = Release;
		};
		8304D7EB2AB3DC2F00C9A9B1 /* Build configuration list for PBXNativeTarget "VocBox" */ = {
			isa = XCConfigurationList;
			buildConfigurations = (
				8304D7EC2AB3DC2F00C9A9B1 /* Debug */,
				8304D7ED2AB3DC2F00C9A9B1 /* Release */,
			);
			defaultConfigurationIsVisible = 0;
			defaultConfigurationName = Release;
		};
/* End XCConfigurationList section */

/* Begin XCRemoteSwiftPackageReference section */
		75621A6E2AC3A72000B407A9 /* XCRemoteSwiftPackageReference "ConfettiSwiftUI" */ = {
			isa = XCRemoteSwiftPackageReference;
			repositoryURL = "https://github.com/simibac/ConfettiSwiftUI";
			requirement = {
				branch = master;
				kind = branch;
			};
		};
		75F9C7C72AE99D92008A0430 /* XCRemoteSwiftPackageReference "lottie-ios" */ = {
			isa = XCRemoteSwiftPackageReference;
			repositoryURL = "https://github.com/airbnb/lottie-ios.git";
			requirement = {
				kind = upToNextMajorVersion;
				minimumVersion = 4.3.3;
			};
		};
/* End XCRemoteSwiftPackageReference section */

/* Begin XCSwiftPackageProductDependency section */
		75621A6F2AC3A72000B407A9 /* ConfettiSwiftUI */ = {
			isa = XCSwiftPackageProductDependency;
			package = 75621A6E2AC3A72000B407A9 /* XCRemoteSwiftPackageReference "ConfettiSwiftUI" */;
			productName = ConfettiSwiftUI;
		};
		75F9C7C82AE99D92008A0430 /* Lottie */ = {
			isa = XCSwiftPackageProductDependency;
			package = 75F9C7C72AE99D92008A0430 /* XCRemoteSwiftPackageReference "lottie-ios" */;
			productName = Lottie;
		};
/* End XCSwiftPackageProductDependency section */

/* Begin XCVersionGroup section */
		83E590BB2AB3E81F002ABD04 /* DataModel.xcdatamodeld */ = {
			isa = XCVersionGroup;
			children = (
				83E590BC2AB3E81F002ABD04 /* DataModel.xcdatamodel */,
			);
			currentVersion = 83E590BC2AB3E81F002ABD04 /* DataModel.xcdatamodel */;
			path = DataModel.xcdatamodeld;
			sourceTree = "<group>";
			versionGroupType = wrapper.xcdatamodel;
		};
/* End XCVersionGroup section */
	};
	rootObject = 8304D7D52AB3DC2D00C9A9B1 /* Project object */;
}
